
Microsoft Visual Studio Solution File, Format Version 12.00
# Visual Studio Version 16
VisualStudioVersion = 16.0.29411.108
MinimumVisualStudioVersion = 10.0.40219.1
Project("{FAE04EC0-301F-11D3-BF4B-00C04F79EFBC}") = "Ercas.Product.Service", "Ercas.Product.Service\Ercas.Product.Service.csproj", "{B8CAAD57-A7BF-45E8-9423-FB8C6C4C725C}"
EndProject
Global
	GlobalSection(SolutionConfigurationPlatforms) = preSolution
		Debug|Any CPU = Debug|Any CPU
		Release|Any CPU = Release|Any CPU
	EndGlobalSection
	GlobalSection(ProjectConfigurationPlatforms) = postSolution
		{B8CAAD57-A7BF-45E8-9423-FB8C6C4C725C}.Debug|Any CPU.ActiveCfg = Debug|Any CPU
		{B8CAAD57-A7BF-45E8-9423-FB8C6C4C725C}.Debug|Any CPU.Build.0 = Debug|Any CPU
		{B8CAAD57-A7BF-45E8-9423-FB8C6C4C725C}.Release|Any CPU.ActiveCfg = Release|Any CPU
		{B8CAAD57-A7BF-45E8-9423-FB8C6C4C725C}.Release|Any CPU.Build.0 = Release|Any CPU
	EndGlobalSection
	GlobalSection(SolutionProperties) = preSolution
		HideSolutionNode = FALSE
	EndGlobalSection
	GlobalSection(ExtensibilityGlobals) = postSolution
		SolutionGuid = {CB5A2BFF-49E6-4649-88F4-04E1AC057DB8}
	EndGlobalSection
EndGlobal
